// !$*UTF8*$!
{
	archiveVersion = 1;
	classes = {
	};
	objectVersion = 51;
	objects = {

/* Begin PBXBuildFile section */
		23F85FE97B2BF6512DD5D6FE /* Pods_FlashChatUdemy.framework in Frameworks */ = {isa = PBXBuildFile; fileRef = F2531CF44D725A2D7E5630A1 /* Pods_FlashChatUdemy.framework */; };
		A76FE55923CD362900D7D928 /* AppDelegate.swift in Sources */ = {isa = PBXBuildFile; fileRef = A76FE55823CD362900D7D928 /* AppDelegate.swift */; };
		A76FE55D23CD362900D7D928 /* ChatViewController.swift in Sources */ = {isa = PBXBuildFile; fileRef = A76FE55C23CD362900D7D928 /* ChatViewController.swift */; };
		A76FE56023CD362900D7D928 /* Main.storyboard in Resources */ = {isa = PBXBuildFile; fileRef = A76FE55E23CD362900D7D928 /* Main.storyboard */; };
		A76FE56223CD362B00D7D928 /* Assets.xcassets in Resources */ = {isa = PBXBuildFile; fileRef = A76FE56123CD362B00D7D928 /* Assets.xcassets */; };
		A76FE56523CD362B00D7D928 /* LaunchScreen.storyboard in Resources */ = {isa = PBXBuildFile; fileRef = A76FE56323CD362B00D7D928 /* LaunchScreen.storyboard */; };
		A76FE56D23CD36C600D7D928 /* LogInViewController.swift in Sources */ = {isa = PBXBuildFile; fileRef = A76FE56C23CD36C600D7D928 /* LogInViewController.swift */; };
		A76FE56F23CD36F400D7D928 /* RegisterViewController.swift in Sources */ = {isa = PBXBuildFile; fileRef = A76FE56E23CD36F300D7D928 /* RegisterViewController.swift */; };
		A76FE57123CD372000D7D928 /* WelcomeViewController.swift in Sources */ = {isa = PBXBuildFile; fileRef = A76FE57023CD372000D7D928 /* WelcomeViewController.swift */; };
		A76FE57923CD37AE00D7D928 /* CustomMessageCell.swift in Sources */ = {isa = PBXBuildFile; fileRef = A76FE57723CD37AE00D7D928 /* CustomMessageCell.swift */; };
		A76FE57A23CD37AE00D7D928 /* CustomMessageCell.xib in Resources */ = {isa = PBXBuildFile; fileRef = A76FE57823CD37AE00D7D928 /* CustomMessageCell.xib */; };
		A76FE57D23CD37DC00D7D928 /* Message.swift in Sources */ = {isa = PBXBuildFile; fileRef = A76FE57C23CD37DC00D7D928 /* Message.swift */; };
		A77514AA23CD4023008ACB97 /* GoogleService-Info.plist in Resources */ = {isa = PBXBuildFile; fileRef = A77514A923CD4023008ACB97 /* GoogleService-Info.plist */; };
/* End PBXBuildFile section */

/* Begin PBXFileReference section */
		6A3DC3F53E582FBC5763AB11 /* Pods-FlashChatUdemy.debug.xcconfig */ = {isa = PBXFileReference; includeInIndex = 1; lastKnownFileType = text.xcconfig; name = "Pods-FlashChatUdemy.debug.xcconfig"; path = "Target Support Files/Pods-FlashChatUdemy/Pods-FlashChatUdemy.debug.xcconfig"; sourceTree = "<group>"; };
		A76FE55523CD362900D7D928 /* FlashChatUdemy.app */ = {isa = PBXFileReference; explicitFileType = wrapper.application; includeInIndex = 0; path = FlashChatUdemy.app; sourceTree = BUILT_PRODUCTS_DIR; };
		A76FE55823CD362900D7D928 /* AppDelegate.swift */ = {isa = PBXFileReference; lastKnownFileType = sourcecode.swift; path = AppDelegate.swift; sourceTree = "<group>"; };
		A76FE55C23CD362900D7D928 /* ChatViewController.swift */ = {isa = PBXFileReference; lastKnownFileType = sourcecode.swift; path = ChatViewController.swift; sourceTree = "<group>"; };
		A76FE55F23CD362900D7D928 /* Base */ = {isa = PBXFileReference; lastKnownFileType = file.storyboard; name = Base; path = Base.lproj/Main.storyboard; sourceTree = "<group>"; };
		A76FE56123CD362B00D7D928 /* Assets.xcassets */ = {isa = PBXFileReference; lastKnownFileType = folder.assetcatalog; path = Assets.xcassets; sourceTree = "<group>"; };
		A76FE56423CD362B00D7D928 /* Base */ = {isa = PBXFileReference; lastKnownFileType = file.storyboard; name = Base; path = Base.lproj/LaunchScreen.storyboard; sourceTree = "<group>"; };
		A76FE56623CD362B00D7D928 /* Info.plist */ = {isa = PBXFileReference; lastKnownFileType = text.plist.xml; path = Info.plist; sourceTree = "<group>"; };
		A76FE56C23CD36C600D7D928 /* LogInViewController.swift */ = {isa = PBXFileReference; lastKnownFileType = sourcecode.swift; path = LogInViewController.swift; sourceTree = "<group>"; };
		A76FE56E23CD36F300D7D928 /* RegisterViewController.swift */ = {isa = PBXFileReference; lastKnownFileType = sourcecode.swift; path = RegisterViewController.swift; sourceTree = "<group>"; };
		A76FE57023CD372000D7D928 /* WelcomeViewController.swift */ = {isa = PBXFileReference; lastKnownFileType = sourcecode.swift; path = WelcomeViewController.swift; sourceTree = "<group>"; };
		A76FE57723CD37AE00D7D928 /* CustomMessageCell.swift */ = {isa = PBXFileReference; lastKnownFileType = sourcecode.swift; path = CustomMessageCell.swift; sourceTree = "<group>"; };
		A76FE57823CD37AE00D7D928 /* CustomMessageCell.xib */ = {isa = PBXFileReference; lastKnownFileType = file.xib; path = CustomMessageCell.xib; sourceTree = "<group>"; };
		A76FE57C23CD37DC00D7D928 /* Message.swift */ = {isa = PBXFileReference; lastKnownFileType = sourcecode.swift; path = Message.swift; sourceTree = "<group>"; };
		A77514A923CD4023008ACB97 /* GoogleService-Info.plist */ = {isa = PBXFileReference; fileEncoding = 4; lastKnownFileType = text.plist.xml; path = "GoogleService-Info.plist"; sourceTree = "<group>"; };
		E4A3964525A25D9DF6408E99 /* Pods-FlashChatUdemy.release.xcconfig */ = {isa = PBXFileReference; includeInIndex = 1; lastKnownFileType = text.xcconfig; name = "Pods-FlashChatUdemy.release.xcconfig"; path = "Target Support Files/Pods-FlashChatUdemy/Pods-FlashChatUdemy.release.xcconfig"; sourceTree = "<group>"; };
		F2531CF44D725A2D7E5630A1 /* Pods_FlashChatUdemy.framework */ = {isa = PBXFileReference; explicitFileType = wrapper.framework; includeInIndex = 0; path = Pods_FlashChatUdemy.framework; sourceTree = BUILT_PRODUCTS_DIR; };
/* End PBXFileReference section */

/* Begin PBXFrameworksBuildPhase section */
		A76FE55223CD362900D7D928 /* Frameworks */ = {
			isa = PBXFrameworksBuildPhase;
			buildActionMask = 2147483647;
			files = (
				23F85FE97B2BF6512DD5D6FE /* Pods_FlashChatUdemy.framework in Frameworks */,
			);
			runOnlyForDeploymentPostprocessing = 0;
		};
/* End PBXFrameworksBuildPhase section */

/* Begin PBXGroup section */
		2CD9822F9B3D7DA70629369C /* Pods */ = {
			isa = PBXGroup;
			children = (
				6A3DC3F53E582FBC5763AB11 /* Pods-FlashChatUdemy.debug.xcconfig */,
				E4A3964525A25D9DF6408E99 /* Pods-FlashChatUdemy.release.xcconfig */,
			);
			path = Pods;
			sourceTree = "<group>";
		};
		4CB0C7F52BBD30C9AA53E704 /* Frameworks */ = {
			isa = PBXGroup;
			children = (
				F2531CF44D725A2D7E5630A1 /* Pods_FlashChatUdemy.framework */,
			);
			name = Frameworks;
			sourceTree = "<group>";
		};
		A76FE54C23CD362900D7D928 = {
			isa = PBXGroup;
			children = (
				A76FE55723CD362900D7D928 /* FlashChatUdemy */,
				A76FE55623CD362900D7D928 /* Products */,
				2CD9822F9B3D7DA70629369C /* Pods */,
				4CB0C7F52BBD30C9AA53E704 /* Frameworks */,
			);
			sourceTree = "<group>";
		};
		A76FE55623CD362900D7D928 /* Products */ = {
			isa = PBXGroup;
			children = (
				A76FE55523CD362900D7D928 /* FlashChatUdemy.app */,
			);
			name = Products;
			sourceTree = "<group>";
		};
		A76FE55723CD362900D7D928 /* FlashChatUdemy */ = {
			isa = PBXGroup;
			children = (
				A76FE55823CD362900D7D928 /* AppDelegate.swift */,
				A76FE57B23CD37D000D7D928 /* Model */,
				A76FE57323CD374A00D7D928 /* View */,
				A76FE57223CD372E00D7D928 /* Controller */,
				A76FE56123CD362B00D7D928 /* Assets.xcassets */,
				A77514A923CD4023008ACB97 /* GoogleService-Info.plist */,
				A76FE56623CD362B00D7D928 /* Info.plist */,
			);
			path = FlashChatUdemy;
			sourceTree = "<group>";
		};
		A76FE57223CD372E00D7D928 /* Controller */ = {
			isa = PBXGroup;
			children = (
				A76FE55C23CD362900D7D928 /* ChatViewController.swift */,
				A76FE56C23CD36C600D7D928 /* LogInViewController.swift */,
				A76FE56E23CD36F300D7D928 /* RegisterViewController.swift */,
				A76FE57023CD372000D7D928 /* WelcomeViewController.swift */,
			);
			path = Controller;
			sourceTree = "<group>";
		};
		A76FE57323CD374A00D7D928 /* View */ = {
			isa = PBXGroup;
			children = (
				A76FE57423CD376000D7D928 /* Custom Cell */,
				A76FE56323CD362B00D7D928 /* LaunchScreen.storyboard */,
				A76FE55E23CD362900D7D928 /* Main.storyboard */,
			);
			path = View;
			sourceTree = "<group>";
		};
		A76FE57423CD376000D7D928 /* Custom Cell */ = {
			isa = PBXGroup;
			children = (
				A76FE57723CD37AE00D7D928 /* CustomMessageCell.swift */,
				A76FE57823CD37AE00D7D928 /* CustomMessageCell.xib */,
			);
			path = "Custom Cell";
			sourceTree = "<group>";
		};
		A76FE57B23CD37D000D7D928 /* Model */ = {
			isa = PBXGroup;
			children = (
				A76FE57C23CD37DC00D7D928 /* Message.swift */,
			);
			path = Model;
			sourceTree = "<group>";
		};
/* End PBXGroup section */

/* Begin PBXNativeTarget section */
		A76FE55423CD362900D7D928 /* FlashChatUdemy */ = {
			isa = PBXNativeTarget;
			buildConfigurationList = A76FE56923CD362B00D7D928 /* Build configuration list for PBXNativeTarget "FlashChatUdemy" */;
			buildPhases = (
				71621243D63CD1EDCE7198A5 /* [CP] Check Pods Manifest.lock */,
				A76FE55123CD362900D7D928 /* Sources */,
				A76FE55223CD362900D7D928 /* Frameworks */,
				A76FE55323CD362900D7D928 /* Resources */,
				8D7296C1A3EF6B725EEF966A /* [CP] Embed Pods Frameworks */,
			);
			buildRules = (
			);
			dependencies = (
			);
			name = FlashChatUdemy;
			productName = FlashChatUdemy;
			productReference = A76FE55523CD362900D7D928 /* FlashChatUdemy.app */;
			productType = "com.apple.product-type.application";
		};
/* End PBXNativeTarget section */

/* Begin PBXProject section */
		A76FE54D23CD362900D7D928 /* Project object */ = {
			isa = PBXProject;
			attributes = {
				LastSwiftUpdateCheck = 1130;
				LastUpgradeCheck = 1130;
				ORGANIZATIONNAME = SINCY;
				TargetAttributes = {
					A76FE55423CD362900D7D928 = {
						CreatedOnToolsVersion = 11.3;
					};
				};
			};
			buildConfigurationList = A76FE55023CD362900D7D928 /* Build configuration list for PBXProject "FlashChatUdemy" */;
			compatibilityVersion = "Xcode 9.3";
			developmentRegion = en;
			hasScannedForEncodings = 0;
			knownRegions = (
				en,
				Base,
			);
			mainGroup = A76FE54C23CD362900D7D928;
			productRefGroup = A76FE55623CD362900D7D928 /* Products */;
			projectDirPath = "";
			projectRoot = "";
			targets = (
				A76FE55423CD362900D7D928 /* FlashChatUdemy */,
			);
		};
/* End PBXProject section */

/* Begin PBXResourcesBuildPhase section */
		A76FE55323CD362900D7D928 /* Resources */ = {
			isa = PBXResourcesBuildPhase;
			buildActionMask = 2147483647;
			files = (
				A76FE56523CD362B00D7D928 /* LaunchScreen.storyboard in Resources */,
				A76FE56223CD362B00D7D928 /* Assets.xcassets in Resources */,
				A77514AA23CD4023008ACB97 /* GoogleService-Info.plist in Resources */,
				A76FE57A23CD37AE00D7D928 /* CustomMessageCell.xib in Resources */,
				A76FE56023CD362900D7D928 /* Main.storyboard in Resources */,
			);
			runOnlyForDeploymentPostprocessing = 0;
		};
/* End PBXResourcesBuildPhase section */

/* Begin PBXShellScriptBuildPhase section */
		71621243D63CD1EDCE7198A5 /* [CP] Check Pods Manifest.lock */ = {
			isa = PBXShellScriptBuildPhase;
			buildActionMask = 2147483647;
			files = (
			);
			inputFileListPaths = (
			);
			inputPaths = (
				"${PODS_PODFILE_DIR_PATH}/Podfile.lock",
				"${PODS_ROOT}/Manifest.lock",
			);
			name = "[CP] Check Pods Manifest.lock";
			outputFileListPaths = (
			);
			outputPaths = (
				"$(DERIVED_FILE_DIR)/Pods-FlashChatUdemy-checkManifestLockResult.txt",
			);
			runOnlyForDeploymentPostprocessing = 0;
			shellPath = /bin/sh;
			shellScript = "diff \"${PODS_PODFILE_DIR_PATH}/Podfile.lock\" \"${PODS_ROOT}/Manifest.lock\" > /dev/null\nif [ $? != 0 ] ; then\n    # print error to STDERR\n    echo \"error: The sandbox is not in sync with the Podfile.lock. Run 'pod install' or update your CocoaPods installation.\" >&2\n    exit 1\nfi\n# This output is used by Xcode 'outputs' to avoid re-running this script phase.\necho \"SUCCESS\" > \"${SCRIPT_OUTPUT_FILE_0}\"\n";
			showEnvVarsInLog = 0;
		};
		8D7296C1A3EF6B725EEF966A /* [CP] Embed Pods Frameworks */ = {
			isa = PBXShellScriptBuildPhase;
			buildActionMask = 2147483647;
			files = (
			);
			inputFileListPaths = (
				"${PODS_ROOT}/Target Support Files/Pods-FlashChatUdemy/Pods-FlashChatUdemy-frameworks-${CONFIGURATION}-input-files.xcfilelist",
			);
			name = "[CP] Embed Pods Frameworks";
			outputFileListPaths = (
				"${PODS_ROOT}/Target Support Files/Pods-FlashChatUdemy/Pods-FlashChatUdemy-frameworks-${CONFIGURATION}-output-files.xcfilelist",
			);
			runOnlyForDeploymentPostprocessing = 0;
			shellPath = /bin/sh;
			shellScript = "\"${PODS_ROOT}/Target Support Files/Pods-FlashChatUdemy/Pods-FlashChatUdemy-frameworks.sh\"\n";
			showEnvVarsInLog = 0;
		};
/* End PBXShellScriptBuildPhase section */

/* Begin PBXSourcesBuildPhase section */
		A76FE55123CD362900D7D928 /* Sources */ = {
			isa = PBXSourcesBuildPhase;
			buildActionMask = 2147483647;
			files = (
				A76FE57923CD37AE00D7D928 /* CustomMessageCell.swift in Sources */,
				A76FE55D23CD362900D7D928 /* ChatViewController.swift in Sources */,
				A76FE57123CD372000D7D928 /* WelcomeViewController.swift in Sources */,
				A76FE55923CD362900D7D928 /* AppDelegate.swift in Sources */,
				A76FE56D23CD36C600D7D928 /* LogInViewController.swift in Sources */,
				A76FE56F23CD36F400D7D928 /* RegisterViewController.swift in Sources */,
				A76FE57D23CD37DC00D7D928 /* Message.swift in Sources */,
			);
			runOnlyForDeploymentPostprocessing = 0;
		};
/* End PBXSourcesBuildPhase section */

/* Begin PBXVariantGroup section */
		A76FE55E23CD362900D7D928 /* Main.storyboard */ = {
			isa = PBXVariantGroup;
			children = (
				A76FE55F23CD362900D7D928 /* Base */,
			);
			name = Main.storyboard;
			sourceTree = "<group>";
		};
		A76FE56323CD362B00D7D928 /* LaunchScreen.storyboard */ = {
			isa = PBXVariantGroup;
			children = (
				A76FE56423CD362B00D7D928 /* Base */,
			);
			name = LaunchScreen.storyboard;
			sourceTree = "<group>";
		};
/* End PBXVariantGroup section */

/* Begin XCBuildConfiguration section */
		A76FE56723CD362B00D7D928 /* Debug */ = {
			isa = XCBuildConfiguration;
			buildSettings = {
				ALWAYS_SEARCH_USER_PATHS = NO;
				CLANG_ANALYZER_NONNULL = YES;
				CLANG_ANALYZER_NUMBER_OBJECT_CONVERSION = YES_AGGRESSIVE;
				CLANG_CXX_LANGUAGE_STANDARD = "gnu++14";
				CLANG_CXX_LIBRARY = "libc++";
				CLANG_ENABLE_MODULES = YES;
				CLANG_ENABLE_OBJC_ARC = YES;
				CLANG_ENABLE_OBJC_WEAK = YES;
				CLANG_WARN_BLOCK_CAPTURE_AUTORELEASING = YES;
				CLANG_WARN_BOOL_CONVERSION = YES;
				CLANG_WARN_COMMA = YES;
				CLANG_WARN_CONSTANT_CONVERSION = YES;
				CLANG_WARN_DEPRECATED_OBJC_IMPLEMENTATIONS = YES;
				CLANG_WARN_DIRECT_OBJC_ISA_USAGE = YES_ERROR;
				CLANG_WARN_DOCUMENTATION_COMMENTS = YES;
				CLANG_WARN_EMPTY_BODY = YES;
				CLANG_WARN_ENUM_CONVERSION = YES;
				CLANG_WARN_INFINITE_RECURSION = YES;
				CLANG_WARN_INT_CONVERSION = YES;
				CLANG_WARN_NON_LITERAL_NULL_CONVERSION = YES;
				CLANG_WARN_OBJC_IMPLICIT_RETAIN_SELF = YES;
				CLANG_WARN_OBJC_LITERAL_CONVERSION = YES;
				CLANG_WARN_OBJC_ROOT_CLASS = YES_ERROR;
				CLANG_WARN_RANGE_LOOP_ANALYSIS = YES;
				CLANG_WARN_STRICT_PROTOTYPES = YES;
				CLANG_WARN_SUSPICIOUS_MOVE = YES;
				CLANG_WARN_UNGUARDED_AVAILABILITY = YES_AGGRESSIVE;
				CLANG_WARN_UNREACHABLE_CODE = YES;
				CLANG_WARN__DUPLICATE_METHOD_MATCH = YES;
				COPY_PHASE_STRIP = NO;
				DEBUG_INFORMATION_FORMAT = dwarf;
				ENABLE_STRICT_OBJC_MSGSEND = YES;
				ENABLE_TESTABILITY = YES;
				GCC_C_LANGUAGE_STANDARD = gnu11;
				GCC_DYNAMIC_NO_PIC = NO;
				GCC_NO_COMMON_BLOCKS = YES;
				GCC_OPTIMIZATION_LEVEL = 0;
				GCC_PREPROCESSOR_DEFINITIONS = (
					"DEBUG=1",
					"$(inherited)",
				);
				GCC_WARN_64_TO_32_BIT_CONVERSION = YES;
				GCC_WARN_ABOUT_RETURN_TYPE = YES_ERROR;
				GCC_WARN_UNDECLARED_SELECTOR = YES;
				GCC_WARN_UNINITIALIZED_AUTOS = YES_AGGRESSIVE;
				GCC_WARN_UNUSED_FUNCTION = YES;
				GCC_WARN_UNUSED_VARIABLE = YES;
				IPHONEOS_DEPLOYMENT_TARGET = 13.2;
				MTL_ENABLE_DEBUG_INFO = INCLUDE_SOURCE;
				MTL_FAST_MATH = YES;
				ONLY_ACTIVE_ARCH = YES;
				SDKROOT = iphoneos;
				SWIFT_ACTIVE_COMPILATION_CONDITIONS = DEBUG;
				SWIFT_OPTIMIZATION_LEVEL = "-Onone";
			};
			name = Debug;
		};
		A76FE56823CD362B00D7D928 /* Release */ = {
			isa = XCBuildConfiguration;
			buildSettings = {
				ALWAYS_SEARCH_USER_PATHS = NO;
				CLANG_ANALYZER_NONNULL = YES;
				CLANG_ANALYZER_NUMBER_OBJECT_CONVERSION = YES_AGGRESSIVE;
				CLANG_CXX_LANGUAGE_STANDARD = "gnu++14";
				CLANG_CXX_LIBRARY = "libc++";
				CLANG_ENABLE_MODULES = YES;
				CLANG_ENABLE_OBJC_ARC = YES;
				CLANG_ENABLE_OBJC_WEAK = YES;
				CLANG_WARN_BLOCK_CAPTURE_AUTORELEASING = YES;
				CLANG_WARN_BOOL_CONVERSION = YES;
				CLANG_WARN_COMMA = YES;
				CLANG_WARN_CONSTANT_CONVERSION = YES;
				CLANG_WARN_DEPRECATED_OBJC_IMPLEMENTATIONS = YES;
				CLANG_WARN_DIRECT_OBJC_ISA_USAGE = YES_ERROR;
				CLANG_WARN_DOCUMENTATION_COMMENTS = YES;
				CLANG_WARN_EMPTY_BODY = YES;
				CLANG_WARN_ENUM_CONVERSION = YES;
				CLANG_WARN_INFINITE_RECURSION = YES;
				CLANG_WARN_INT_CONVERSION = YES;
				CLANG_WARN_NON_LITERAL_NULL_CONVERSION = YES;
				CLANG_WARN_OBJC_IMPLICIT_RETAIN_SELF = YES;
				CLANG_WARN_OBJC_LITERAL_CONVERSION = YES;
				CLANG_WARN_OBJC_ROOT_CLASS = YES_ERROR;
				CLANG_WARN_RANGE_LOOP_ANALYSIS = YES;
				CLANG_WARN_STRICT_PROTOTYPES = YES;
				CLANG_WARN_SUSPICIOUS_MOVE = YES;
				CLANG_WARN_UNGUARDED_AVAILABILITY = YES_AGGRESSIVE;
				CLANG_WARN_UNREACHABLE_CODE = YES;
				CLANG_WARN__DUPLICATE_METHOD_MATCH = YES;
				COPY_PHASE_STRIP = NO;
				DEBUG_INFORMATION_FORMAT = "dwarf-with-dsym";
				ENABLE_NS_ASSERTIONS = NO;
				ENABLE_STRICT_OBJC_MSGSEND = YES;
				GCC_C_LANGUAGE_STANDARD = gnu11;
				GCC_NO_COMMON_BLOCKS = YES;
				GCC_WARN_64_TO_32_BIT_CONVERSION = YES;
				GCC_WARN_ABOUT_RETURN_TYPE = YES_ERROR;
				GCC_WARN_UNDECLARED_SELECTOR = YES;
				GCC_WARN_UNINITIALIZED_AUTOS = YES_AGGRESSIVE;
				GCC_WARN_UNUSED_FUNCTION = YES;
				GCC_WARN_UNUSED_VARIABLE = YES;
				IPHONEOS_DEPLOYMENT_TARGET = 13.2;
				MTL_ENABLE_DEBUG_INFO = NO;
				MTL_FAST_MATH = YES;
				SDKROOT = iphoneos;
				SWIFT_COMPILATION_MODE = wholemodule;
				SWIFT_OPTIMIZATION_LEVEL = "-O";
				VALIDATE_PRODUCT = YES;
			};
			name = Release;
		};
		A76FE56A23CD362B00D7D928 /* Debug */ = {
			isa = XCBuildConfiguration;
			baseConfigurationReference = 6A3DC3F53E582FBC5763AB11 /* Pods-FlashChatUdemy.debug.xcconfig */;
			buildSettings = {
				ASSETCATALOG_COMPILER_APPICON_NAME = AppIcon;
				CODE_SIGN_STYLE = Automatic;
				INFOPLIST_FILE = FlashChatUdemy/Info.plist;
				LD_RUNPATH_SEARCH_PATHS = (
					"$(inherited)",
					"@executable_path/Frameworks",
				);
				PRODUCT_BUNDLE_IDENTIFIER = NS.FlashChatUdemy;
				PRODUCT_NAME = "$(TARGET_NAME)";
				SWIFT_VERSION = 5.0;
				TARGETED_DEVICE_FAMILY = "1,2";
			};
			name = Debug;
		};
		A76FE56B23CD362B00D7D928 /* Release */ = {
			isa = XCBuildConfiguration;
			baseConfigurationReference = E4A3964525A25D9DF6408E99 /* Pods-FlashChatUdemy.release.xcconfig */;
			buildSettings = {
				ASSETCATALOG_COMPILER_APPICON_NAME = AppIcon;
				CODE_SIGN_STYLE = Automatic;
				INFOPLIST_FILE = FlashChatUdemy/Info.plist;
				LD_RUNPATH_SEARCH_PATHS = (
					"$(inherited)",
					"@executable_path/Frameworks",
				);
				PRODUCT_BUNDLE_IDENTIFIER = NS.FlashChatUdemy;
				PRODUCT_NAME = "$(TARGET_NAME)";
				SWIFT_VERSION = 5.0;
				TARGETED_DEVICE_FAMILY = "1,2";
			};
			name = Release;
		};
/* End XCBuildConfiguration section */

/* Begin XCConfigurationList section */
		A76FE55023CD362900D7D928 /* Build configuration list for PBXProject "FlashChatUdemy" */ = {
			isa = XCConfigurationList;
			buildConfigurations = (
				A76FE56723CD362B00D7D928 /* Debug */,
				A76FE56823CD362B00D7D928 /* Release */,
			);
			defaultConfigurationIsVisible = 0;
			defaultConfigurationName = Release;
		};
		A76FE56923CD362B00D7D928 /* Build configuration list for PBXNativeTarget "FlashChatUdemy" */ = {
			isa = XCConfigurationList;
			buildConfigurations = (
				A76FE56A23CD362B00D7D928 /* Debug */,
				A76FE56B23CD362B00D7D928 /* Release */,
			);
			defaultConfigurationIsVisible = 0;
			defaultConfigurationName = Release;
		};
/* End XCConfigurationList section */
	};
	rootObject = A76FE54D23CD362900D7D928 /* Project object */;
}
